
Microsoft Visual Studio Solution File, Format Version 12.00
# Visual Studio 15
VisualStudioVersion = 15.0.26124.0
MinimumVisualStudioVersion = 15.0.26124.0
Project("{FAE04EC0-301F-11D3-BF4B-00C04F79EFBC}") = "ScriptAnalyzer2", "ScriptAnalyzer2\ScriptAnalyzer2.csproj", "{AE96DA3C-CD80-47D0-A729-2E4F6A7A19F7}"
EndProject
Project("{2150E333-8FDC-42A3-9474-1A3956D46DE8}") = "Tests", "Tests", "{6F3CD0B4-2C55-4B3C-867C-C107A0646B19}"
EndProject
Project("{FAE04EC0-301F-11D3-BF4B-00C04F79EFBC}") = "ScriptAnalyzer2.Test", "Tests\ScriptAnalyzer2.Test\ScriptAnalyzer2.Test.csproj", "{27E172DF-7675-400B-A23E-25D6F5E3358F}"
EndProject
Global
	GlobalSection(SolutionConfigurationPlatforms) = preSolution
		Debug|Any CPU = Debug|Any CPU
		Debug|x64 = Debug|x64
		Debug|x86 = Debug|x86
		Release|Any CPU = Release|Any CPU
		Release|x64 = Release|x64
		Release|x86 = Release|x86
	EndGlobalSection
	GlobalSection(SolutionProperties) = preSolution
		HideSolutionNode = FALSE
	EndGlobalSection
	GlobalSection(ProjectConfigurationPlatforms) = postSolution
		{AE96DA3C-CD80-47D0-A729-2E4F6A7A19F7}.Debug|Any CPU.ActiveCfg = Debug|Any CPU
		{AE96DA3C-CD80-47D0-A729-2E4F6A7A19F7}.Debug|Any CPU.Build.0 = Debug|Any CPU
		{AE96DA3C-CD80-47D0-A729-2E4F6A7A19F7}.Debug|x64.ActiveCfg = Debug|Any CPU
		{AE96DA3C-CD80-47D0-A729-2E4F6A7A19F7}.Debug|x64.Build.0 = Debug|Any CPU
		{AE96DA3C-CD80-47D0-A729-2E4F6A7A19F7}.Debug|x86.ActiveCfg = Debug|Any CPU
		{AE96DA3C-CD80-47D0-A729-2E4F6A7A19F7}.Debug|x86.Build.0 = Debug|Any CPU
		{AE96DA3C-CD80-47D0-A729-2E4F6A7A19F7}.Release|Any CPU.ActiveCfg = Release|Any CPU
		{AE96DA3C-CD80-47D0-A729-2E4F6A7A19F7}.Release|Any CPU.Build.0 = Release|Any CPU
		{AE96DA3C-CD80-47D0-A729-2E4F6A7A19F7}.Release|x64.ActiveCfg = Release|Any CPU
		{AE96DA3C-CD80-47D0-A729-2E4F6A7A19F7}.Release|x64.Build.0 = Release|Any CPU
		{AE96DA3C-CD80-47D0-A729-2E4F6A7A19F7}.Release|x86.ActiveCfg = Release|Any CPU
		{AE96DA3C-CD80-47D0-A729-2E4F6A7A19F7}.Release|x86.Build.0 = Release|Any CPU
		{27E172DF-7675-400B-A23E-25D6F5E3358F}.Debug|Any CPU.ActiveCfg = Debug|Any CPU
		{27E172DF-7675-400B-A23E-25D6F5E3358F}.Debug|Any CPU.Build.0 = Debug|Any CPU
		{27E172DF-7675-400B-A23E-25D6F5E3358F}.Debug|x64.ActiveCfg = Debug|Any CPU
		{27E172DF-7675-400B-A23E-25D6F5E3358F}.Debug|x64.Build.0 = Debug|Any CPU
		{27E172DF-7675-400B-A23E-25D6F5E3358F}.Debug|x86.ActiveCfg = Debug|Any CPU
		{27E172DF-7675-400B-A23E-25D6F5E3358F}.Debug|x86.Build.0 = Debug|Any CPU
		{27E172DF-7675-400B-A23E-25D6F5E3358F}.Release|Any CPU.ActiveCfg = Release|Any CPU
		{27E172DF-7675-400B-A23E-25D6F5E3358F}.Release|Any CPU.Build.0 = Release|Any CPU
		{27E172DF-7675-400B-A23E-25D6F5E3358F}.Release|x64.ActiveCfg = Release|Any CPU
		{27E172DF-7675-400B-A23E-25D6F5E3358F}.Release|x64.Build.0 = Release|Any CPU
		{27E172DF-7675-400B-A23E-25D6F5E3358F}.Release|x86.ActiveCfg = Release|Any CPU
		{27E172DF-7675-400B-A23E-25D6F5E3358F}.Release|x86.Build.0 = Release|Any CPU
	EndGlobalSection
	GlobalSection(NestedProjects) = preSolution
		{27E172DF-7675-400B-A23E-25D6F5E3358F} = {6F3CD0B4-2C55-4B3C-867C-C107A0646B19}
	EndGlobalSection
EndGlobal
